version = 1
revision = 3
requires-python = "==3.10.*"

[[package]]
name = "abq-serpentine-substrate"
version = "0.1.0"
source = { virtual = "." }
dependencies = [
    { name = "abqpy" },
    { name = "numpy" },
    { name = "pandas" },
    { name = "shapely" },
    { name = "tomli" },
]

[package.metadata]
requires-dist = [
    { name = "abqpy", specifier = ">=2024.9,<2025.0" },
    { name = "numpy" },
    { name = "pandas" },
    { name = "shapely" },
    { name = "tomli" },
]

[[package]]
name = "abqpy"
version = "2024.9"
source = { registry = "https://pypi.org/simple" }
dependencies = [
    { name = "auto-all" },
    { name = "fire" },
    { name = "pydantic" },
    { name = "typeguard" },
    { name = "typing-extensions" },
]
sdist = { url = "https://files.pythonhosted.org/packages/e4/34/b5a4f2f4aa62fc4376ba26fbdca1cd6fffabf355bbed6f4cb6795014271b/abqpy-2024.9.tar.gz", hash = "sha256:851c1f5cfc21db4533e8af3318d62383aed8ce13868df30f41ecf393f11fa850", size = 989227, upload-time = "2025-07-30T04:26:14.94Z" }
wheels = [
    { url = "https://files.pythonhosted.org/packages/60/2e/17607bfa4b85ea8a9757ed04fdd10303ae0c16f512c5bcf485fd07625d6b/abqpy-2024.9-py3-none-any.whl", hash = "sha256:4f3807c8464efa2a1a11a66c11c26061b35fff603acb08e0abe30127af233e58", size = 1872956, upload-time = "2025-07-30T04:26:12.713Z" },
]

[[package]]
name = "annotated-types"
version = "0.7.0"
source = { registry = "https://pypi.org/simple" }
sdist = { url = "https://files.pythonhosted.org/packages/ee/67/531ea369ba64dcff5ec9c3402f9f51bf748cec26dde048a2f973a4eea7f5/annotated_types-0.7.0.tar.gz", hash = "sha256:aff07c09a53a08bc8cfccb9c85b05f1aa9a2a6f23728d790723543408344ce89", size = 16081, upload-time = "2024-05-20T21:33:25.928Z" }
wheels = [
    { url = "https://files.pythonhosted.org/packages/78/b6/6307fbef88d9b5ee7421e68d78a9f162e0da4900bc5f5793f6d3d0e34fb8/annotated_types-0.7.0-py3-none-any.whl", hash = "sha256:1f02e8b43a8fbbc3f3e0d4f0f4bfc8131bcb4eebe8849b8e5c773f3a1c582a53", size = 13643, upload-time = "2024-05-20T21:33:24.1Z" },
]

[[package]]
name = "auto-all"
version = "1.4.1"
source = { registry = "https://pypi.org/simple" }
sdist = { url = "https://files.pythonhosted.org/packages/b7/a7/aa0cabb4cc4af65a38c9cd16c309f82e28b92af0f5b007ea3ca03af1e868/auto-all-1.4.1.tar.gz", hash = "sha256:495ad1fe74972207837f7ae40ef8ee581da92e63c57f6cc496b2869c05aa9b12", size = 5167, upload-time = "2021-06-17T01:12:49.287Z" }
wheels = [
    { url = "https://files.pythonhosted.org/packages/cf/ae/1317a5362e0016be1efb445b77b98cfddc41f87ae95492da5b43e6537a07/auto_all-1.4.1-py2.py3-none-any.whl", hash = "sha256:48dae02a670e94c87e2da2985e20e33ec231dffd3ae29078777002680f9eee13", size = 5562, upload-time = "2021-06-17T01:12:48.036Z" },
]

[[package]]
name = "fire"
version = "0.7.1"
source = { registry = "https://pypi.org/simple" }
dependencies = [
    { name = "termcolor" },
]
sdist = { url = "https://files.pythonhosted.org/packages/c0/00/f8d10588d2019d6d6452653def1ee807353b21983db48550318424b5ff18/fire-0.7.1.tar.gz", hash = "sha256:3b208f05c736de98fb343310d090dcc4d8c78b2a89ea4f32b837c586270a9cbf", size = 88720, upload-time = "2025-08-16T20:20:24.175Z" }
wheels = [
    { url = "https://files.pythonhosted.org/packages/e5/4c/93d0f85318da65923e4b91c1c2ff03d8a458cbefebe3bc612a6693c7906d/fire-0.7.1-py3-none-any.whl", hash = "sha256:e43fd8a5033a9001e7e2973bab96070694b9f12f2e0ecf96d4683971b5ab1882", size = 115945, upload-time = "2025-08-16T20:20:22.87Z" },
]

[[package]]
name = "numpy"
version = "2.2.6"
source = { registry = "https://pypi.org/simple" }
sdist = { url = "https://files.pythonhosted.org/packages/76/21/7d2a95e4bba9dc13d043ee156a356c0a8f0c6309dff6b21b4d71a073b8a8/numpy-2.2.6.tar.gz", hash = "sha256:e29554e2bef54a90aa5cc07da6ce955accb83f21ab5de01a62c8478897b264fd", size = 20276440, upload-time = "2025-05-17T22:38:04.611Z" }
wheels = [
    { url = "https://files.pythonhosted.org/packages/9a/3e/ed6db5be21ce87955c0cbd3009f2803f59fa08df21b5df06862e2d8e2bdd/numpy-2.2.6-cp310-cp310-macosx_10_9_x86_64.whl", hash = "sha256:b412caa66f72040e6d268491a59f2c43bf03eb6c96dd8f0307829feb7fa2b6fb", size = 21165245, upload-time = "2025-05-17T21:27:58.555Z" },
    { url = "https://files.pythonhosted.org/packages/22/c2/4b9221495b2a132cc9d2eb862e21d42a009f5a60e45fc44b00118c174bff/numpy-2.2.6-cp310-cp310-macosx_11_0_arm64.whl", hash = "sha256:8e41fd67c52b86603a91c1a505ebaef50b3314de0213461c7a6e99c9a3beff90", size = 14360048, upload-time = "2025-05-17T21:28:21.406Z" },
    { url = "https://files.pythonhosted.org/packages/fd/77/dc2fcfc66943c6410e2bf598062f5959372735ffda175b39906d54f02349/numpy-2.2.6-cp310-cp310-macosx_14_0_arm64.whl", hash = "sha256:37e990a01ae6ec7fe7fa1c26c55ecb672dd98b19c3d0e1d1f326fa13cb38d163", size = 5340542, upload-time = "2025-05-17T21:28:30.931Z" },
    { url = "https://files.pythonhosted.org/packages/7a/4f/1cb5fdc353a5f5cc7feb692db9b8ec2c3d6405453f982435efc52561df58/numpy-2.2.6-cp310-cp310-macosx_14_0_x86_64.whl", hash = "sha256:5a6429d4be8ca66d889b7cf70f536a397dc45ba6faeb5f8c5427935d9592e9cf", size = 6878301, upload-time = "2025-05-17T21:28:41.613Z" },
    { url = "https://files.pythonhosted.org/packages/eb/17/96a3acd228cec142fcb8723bd3cc39c2a474f7dcf0a5d16731980bcafa95/numpy-2.2.6-cp310-cp310-manylinux_2_17_aarch64.manylinux2014_aarch64.whl", hash = "sha256:efd28d4e9cd7d7a8d39074a4d44c63eda73401580c5c76acda2ce969e0a38e83", size = 14297320, upload-time = "2025-05-17T21:29:02.78Z" },
    { url = "https://files.pythonhosted.org/packages/b4/63/3de6a34ad7ad6646ac7d2f55ebc6ad439dbbf9c4370017c50cf403fb19b5/numpy-2.2.6-cp310-cp310-manylinux_2_17_x86_64.manylinux2014_x86_64.whl", hash = "sha256:fc7b73d02efb0e18c000e9ad8b83480dfcd5dfd11065997ed4c6747470ae8915", size = 16801050, upload-time = "2025-05-17T21:29:27.675Z" },
    { url = "https://files.pythonhosted.org/packages/07/b6/89d837eddef52b3d0cec5c6ba0456c1bf1b9ef6a6672fc2b7873c3ec4e2e/numpy-2.2.6-cp310-cp310-musllinux_1_2_aarch64.whl", hash = "sha256:74d4531beb257d2c3f4b261bfb0fc09e0f9ebb8842d82a7b4209415896adc680", size = 15807034, upload-time = "2025-05-17T21:29:51.102Z" },
    { url = "https://files.pythonhosted.org/packages/01/c8/dc6ae86e3c61cfec1f178e5c9f7858584049b6093f843bca541f94120920/numpy-2.2.6-cp310-cp310-musllinux_1_2_x86_64.whl", hash = "sha256:8fc377d995680230e83241d8a96def29f204b5782f371c532579b4f20607a289", size = 18614185, upload-time = "2025-05-17T21:30:18.703Z" },
    { url = "https://files.pythonhosted.org/packages/5b/c5/0064b1b7e7c89137b471ccec1fd2282fceaae0ab3a9550f2568782d80357/numpy-2.2.6-cp310-cp310-win32.whl", hash = "sha256:b093dd74e50a8cba3e873868d9e93a85b78e0daf2e98c6797566ad8044e8363d", size = 6527149, upload-time = "2025-05-17T21:30:29.788Z" },
    { url = "https://files.pythonhosted.org/packages/a3/dd/4b822569d6b96c39d1215dbae0582fd99954dcbcf0c1a13c61783feaca3f/numpy-2.2.6-cp310-cp310-win_amd64.whl", hash = "sha256:f0fd6321b839904e15c46e0d257fdd101dd7f530fe03fd6359c1ea63738703f3", size = 12904620, upload-time = "2025-05-17T21:30:48.994Z" },
    { url = "https://files.pythonhosted.org/packages/9e/3b/d94a75f4dbf1ef5d321523ecac21ef23a3cd2ac8b78ae2aac40873590229/numpy-2.2.6-pp310-pypy310_pp73-macosx_10_15_x86_64.whl", hash = "sha256:0b605b275d7bd0c640cad4e5d30fa701a8d59302e127e5f79138ad62762c3e3d", size = 21040391, upload-time = "2025-05-17T21:44:35.948Z" },
    { url = "https://files.pythonhosted.org/packages/17/f4/09b2fa1b58f0fb4f7c7963a1649c64c4d315752240377ed74d9cd878f7b5/numpy-2.2.6-pp310-pypy310_pp73-macosx_14_0_x86_64.whl", hash = "sha256:7befc596a7dc9da8a337f79802ee8adb30a552a94f792b9c9d18c840055907db", size = 6786754, upload-time = "2025-05-17T21:44:47.446Z" },
    { url = "https://files.pythonhosted.org/packages/af/30/feba75f143bdc868a1cc3f44ccfa6c4b9ec522b36458e738cd00f67b573f/numpy-2.2.6-pp310-pypy310_pp73-manylinux_2_17_x86_64.manylinux2014_x86_64.whl", hash = "sha256:ce47521a4754c8f4593837384bd3424880629f718d87c5d44f8ed763edd63543", size = 16643476, upload-time = "2025-05-17T21:45:11.871Z" },
    { url = "https://files.pythonhosted.org/packages/37/48/ac2a9584402fb6c0cd5b5d1a91dcf176b15760130dd386bbafdbfe3640bf/numpy-2.2.6-pp310-pypy310_pp73-win_amd64.whl", hash = "sha256:d042d24c90c41b54fd506da306759e06e568864df8ec17ccc17e9e884634fd00", size = 12812666, upload-time = "2025-05-17T21:45:31.426Z" },
]

[[package]]
name = "pandas"
version = "2.3.3"
source = { registry = "https://pypi.org/simple" }
dependencies = [
    { name = "numpy" },
    { name = "python-dateutil" },
    { name = "pytz" },
    { name = "tzdata" },
]
sdist = { url = "https://files.pythonhosted.org/packages/33/01/d40b85317f86cf08d853a4f495195c73815fdf205eef3993821720274518/pandas-2.3.3.tar.gz", hash = "sha256:e05e1af93b977f7eafa636d043f9f94c7ee3ac81af99c13508215942e64c993b", size = 4495223, upload-time = "2025-09-29T23:34:51.853Z" }
wheels = [
    { url = "https://files.pythonhosted.org/packages/3d/f7/f425a00df4fcc22b292c6895c6831c0c8ae1d9fac1e024d16f98a9ce8749/pandas-2.3.3-cp310-cp310-macosx_10_9_x86_64.whl", hash = "sha256:376c6446ae31770764215a6c937f72d917f214b43560603cd60da6408f183b6c", size = 11555763, upload-time = "2025-09-29T23:16:53.287Z" },
    { url = "https://files.pythonhosted.org/packages/13/4f/66d99628ff8ce7857aca52fed8f0066ce209f96be2fede6cef9f84e8d04f/pandas-2.3.3-cp310-cp310-macosx_11_0_arm64.whl", hash = "sha256:e19d192383eab2f4ceb30b412b22ea30690c9e618f78870357ae1d682912015a", size = 10801217, upload-time = "2025-09-29T23:17:04.522Z" },
    { url = "https://files.pythonhosted.org/packages/1d/03/3fc4a529a7710f890a239cc496fc6d50ad4a0995657dccc1d64695adb9f4/pandas-2.3.3-cp310-cp310-manylinux_2_24_aarch64.manylinux_2_28_aarch64.whl", hash = "sha256:5caf26f64126b6c7aec964f74266f435afef1c1b13da3b0636c7518a1fa3e2b1", size = 12148791, upload-time = "2025-09-29T23:17:18.444Z" },
    { url = "https://files.pythonhosted.org/packages/40/a8/4dac1f8f8235e5d25b9955d02ff6f29396191d4e665d71122c3722ca83c5/pandas-2.3.3-cp310-cp310-manylinux_2_24_x86_64.manylinux_2_28_x86_64.whl", hash = "sha256:dd7478f1463441ae4ca7308a70e90b33470fa593429f9d4c578dd00d1fa78838", size = 12769373, upload-time = "2025-09-29T23:17:35.846Z" },
    { url = "https://files.pythonhosted.org/packages/df/91/82cc5169b6b25440a7fc0ef3a694582418d875c8e3ebf796a6d6470aa578/pandas-2.3.3-cp310-cp310-musllinux_1_2_aarch64.whl", hash = "sha256:4793891684806ae50d1288c9bae9330293ab4e083ccd1c5e383c34549c6e4250", size = 13200444, upload-time = "2025-09-29T23:17:49.341Z" },
    { url = "https://files.pythonhosted.org/packages/10/ae/89b3283800ab58f7af2952704078555fa60c807fff764395bb57ea0b0dbd/pandas-2.3.3-cp310-cp310-musllinux_1_2_x86_64.whl", hash = "sha256:28083c648d9a99a5dd035ec125d42439c6c1c525098c58af0fc38dd1a7a1b3d4", size = 13858459, upload-time = "2025-09-29T23:18:03.722Z" },
    { url = "https://files.pythonhosted.org/packages/85/72/530900610650f54a35a19476eca5104f38555afccda1aa11a92ee14cb21d/pandas-2.3.3-cp310-cp310-win_amd64.whl", hash = "sha256:503cf027cf9940d2ceaa1a93cfb5f8c8c7e6e90720a2850378f0b3f3b1e06826", size = 11346086, upload-time = "2025-09-29T23:18:18.505Z" },
]

[[package]]
name = "pydantic"
version = "2.12.5"
source = { registry = "https://pypi.org/simple" }
dependencies = [
    { name = "annotated-types" },
    { name = "pydantic-core" },
    { name = "typing-extensions" },
    { name = "typing-inspection" },
]
sdist = { url = "https://files.pythonhosted.org/packages/69/44/36f1a6e523abc58ae5f928898e4aca2e0ea509b5aa6f6f392a5d882be928/pydantic-2.12.5.tar.gz", hash = "sha256:4d351024c75c0f085a9febbb665ce8c0c6ec5d30e903bdb6394b7ede26aebb49", size = 821591, upload-time = "2025-11-26T15:11:46.471Z" }
wheels = [
    { url = "https://files.pythonhosted.org/packages/5a/87/b70ad306ebb6f9b585f114d0ac2137d792b48be34d732d60e597c2f8465a/pydantic-2.12.5-py3-none-any.whl", hash = "sha256:e561593fccf61e8a20fc46dfc2dfe075b8be7d0188df33f221ad1f0139180f9d", size = 463580, upload-time = "2025-11-26T15:11:44.605Z" },
]

[[package]]
name = "pydantic-core"
version = "2.41.5"
source = { registry = "https://pypi.org/simple" }
dependencies = [
    { name = "typing-extensions" },
]
sdist = { url = "https://files.pythonhosted.org/packages/71/70/23b021c950c2addd24ec408e9ab05d59b035b39d97cdc1130e1bce647bb6/pydantic_core-2.41.5.tar.gz", hash = "sha256:08daa51ea16ad373ffd5e7606252cc32f07bc72b28284b6bc9c6df804816476e", size = 460952, upload-time = "2025-11-04T13:43:49.098Z" }
wheels = [
    { url = "https://files.pythonhosted.org/packages/c6/90/32c9941e728d564b411d574d8ee0cf09b12ec978cb22b294995bae5549a5/pydantic_core-2.41.5-cp310-cp310-macosx_10_12_x86_64.whl", hash = "sha256:77b63866ca88d804225eaa4af3e664c5faf3568cea95360d21f4725ab6e07146", size = 2107298, upload-time = "2025-11-04T13:39:04.116Z" },
    { url = "https://files.pythonhosted.org/packages/fb/a8/61c96a77fe28993d9a6fb0f4127e05430a267b235a124545d79fea46dd65/pydantic_core-2.41.5-cp310-cp310-macosx_11_0_arm64.whl", hash = "sha256:dfa8a0c812ac681395907e71e1274819dec685fec28273a28905df579ef137e2", size = 1901475, upload-time = "2025-11-04T13:39:06.055Z" },
    { url = "https://files.pythonhosted.org/packages/5d/b6/338abf60225acc18cdc08b4faef592d0310923d19a87fba1faf05af5346e/pydantic_core-2.41.5-cp310-cp310-manylinux_2_17_aarch64.manylinux2014_aarch64.whl", hash = "sha256:5921a4d3ca3aee735d9fd163808f5e8dd6c6972101e4adbda9a4667908849b97", size = 1918815, upload-time = "2025-11-04T13:39:10.41Z" },
    { url = "https://files.pythonhosted.org/packages/d1/1c/2ed0433e682983d8e8cba9c8d8ef274d4791ec6a6f24c58935b90e780e0a/pydantic_core-2.41.5-cp310-cp310-manylinux_2_17_armv7l.manylinux2014_armv7l.whl", hash = "sha256:e25c479382d26a2a41b7ebea1043564a937db462816ea07afa8a44c0866d52f9", size = 2065567, upload-time = "2025-11-04T13:39:12.244Z" },
    { url = "https://files.pythonhosted.org/packages/b3/24/cf84974ee7d6eae06b9e63289b7b8f6549d416b5c199ca2d7ce13bbcf619/pydantic_core-2.41.5-cp310-cp310-manylinux_2_17_ppc64le.manylinux2014_ppc64le.whl", hash = "sha256:f547144f2966e1e16ae626d8ce72b4cfa0caedc7fa28052001c94fb2fcaa1c52", size = 2230442, upload-time = "2025-11-04T13:39:13.962Z" },
    { url = "https://files.pythonhosted.org/packages/fd/21/4e287865504b3edc0136c89c9c09431be326168b1eb7841911cbc877a995/pydantic_core-2.41.5-cp310-cp310-manylinux_2_17_s390x.manylinux2014_s390x.whl", hash = "sha256:6f52298fbd394f9ed112d56f3d11aabd0d5bd27beb3084cc3d8ad069483b8941", size = 2350956, upload-time = "2025-11-04T13:39:15.889Z" },
    { url = "https://files.pythonhosted.org/packages/a8/76/7727ef2ffa4b62fcab916686a68a0426b9b790139720e1934e8ba797e238/pydantic_core-2.41.5-cp310-cp310-manylinux_2_17_x86_64.manylinux2014_x86_64.whl", hash = "sha256:100baa204bb412b74fe285fb0f3a385256dad1d1879f0a5cb1499ed2e83d132a", size = 2068253, upload-time = "2025-11-04T13:39:17.403Z" },
    { url = "https://files.pythonhosted.org/packages/d5/8c/a4abfc79604bcb4c748e18975c44f94f756f08fb04218d5cb87eb0d3a63e/pydantic_core-2.41.5-cp310-cp310-manylinux_2_5_i686.manylinux1_i686.whl", hash = "sha256:05a2c8852530ad2812cb7914dc61a1125dc4e06252ee98e5638a12da6cc6fb6c", size = 2177050, upload-time = "2025-11-04T13:39:19.351Z" },
    { url = "https://files.pythonhosted.org/packages/67/b1/de2e9a9a79b480f9cb0b6e8b6ba4c50b18d4e89852426364c66aa82bb7b3/pydantic_core-2.41.5-cp310-cp310-musllinux_1_1_aarch64.whl", hash = "sha256:29452c56df2ed968d18d7e21f4ab0ac55e71dc59524872f6fc57dcf4a3249ed2", size = 2147178, upload-time = "2025-11-04T13:39:21Z" },
    { url = "https://files.pythonhosted.org/packages/16/c1/dfb33f837a47b20417500efaa0378adc6635b3c79e8369ff7a03c494b4ac/pydantic_core-2.41.5-cp310-cp310-musllinux_1_1_armv7l.whl", hash = "sha256:d5160812ea7a8a2ffbe233d8da666880cad0cbaf5d4de74ae15c313213d62556", size = 2341833, upload-time = "2025-11-04T13:39:22.606Z" },
    { url = "https://files.pythonhosted.org/packages/47/36/00f398642a0f4b815a9a558c4f1dca1b4020a7d49562807d7bc9ff279a6c/pydantic_core-2.41.5-cp310-cp310-musllinux_1_1_x86_64.whl", hash = "sha256:df3959765b553b9440adfd3c795617c352154e497a4eaf3752555cfb5da8fc49", size = 2321156, upload-time = "2025-11-04T13:39:25.843Z" },
    { url = "https://files.pythonhosted.org/packages/7e/70/cad3acd89fde2010807354d978725ae111ddf6d0ea46d1ea1775b5c1bd0c/pydantic_core-2.41.5-cp310-cp310-win32.whl", hash = "sha256:1f8d33a7f4d5a7889e60dc39856d76d09333d8a6ed0f5f1190635cbec70ec4ba", size = 1989378, upload-time = "2025-11-04T13:39:27.92Z" },
    { url = "https://files.pythonhosted.org/packages/76/92/d338652464c6c367e5608e4488201702cd1cbb0f33f7b6a85a60fe5f3720/pydantic_core-2.41.5-cp310-cp310-win_amd64.whl", hash = "sha256:62de39db01b8d593e45871af2af9e497295db8d73b085f6bfd0b18c83c70a8f9", size = 2013622, upload-time = "2025-11-04T13:39:29.848Z" },
    { url = "https://files.pythonhosted.org/packages/e6/b0/1a2aa41e3b5a4ba11420aba2d091b2d17959c8d1519ece3627c371951e73/pydantic_core-2.41.5-pp310-pypy310_pp73-macosx_10_12_x86_64.whl", hash = "sha256:b5819cd790dbf0c5eb9f82c73c16b39a65dd6dd4d1439dcdea7816ec9adddab8", size = 2103351, upload-time = "2025-11-04T13:43:02.058Z" },
    { url = "https://files.pythonhosted.org/packages/a4/ee/31b1f0020baaf6d091c87900ae05c6aeae101fa4e188e1613c80e4f1ea31/pydantic_core-2.41.5-pp310-pypy310_pp73-macosx_11_0_arm64.whl", hash = "sha256:5a4e67afbc95fa5c34cf27d9089bca7fcab4e51e57278d710320a70b956d1b9a", size = 1925363, upload-time = "2025-11-04T13:43:05.159Z" },
    { url = "https://files.pythonhosted.org/packages/e1/89/ab8e86208467e467a80deaca4e434adac37b10a9d134cd2f99b28a01e483/pydantic_core-2.41.5-pp310-pypy310_pp73-manylinux_2_17_x86_64.manylinux2014_x86_64.whl", hash = "sha256:ece5c59f0ce7d001e017643d8d24da587ea1f74f6993467d85ae8a5ef9d4f42b", size = 2135615, upload-time = "2025-11-04T13:43:08.116Z" },
    { url = "https://files.pythonhosted.org/packages/99/0a/99a53d06dd0348b2008f2f30884b34719c323f16c3be4e6cc1203b74a91d/pydantic_core-2.41.5-pp310-pypy310_pp73-manylinux_2_5_i686.manylinux1_i686.whl", hash = "sha256:16f80f7abe3351f8ea6858914ddc8c77e02578544a0ebc15b4c2e1a0e813b0b2", size = 2175369, upload-time = "2025-11-04T13:43:12.49Z" },
    { url = "https://files.pythonhosted.org/packages/6d/94/30ca3b73c6d485b9bb0bc66e611cff4a7138ff9736b7e66bcf0852151636/pydantic_core-2.41.5-pp310-pypy310_pp73-musllinux_1_1_aarch64.whl", hash = "sha256:33cb885e759a705b426baada1fe68cbb0a2e68e34c5d0d0289a364cf01709093", size = 2144218, upload-time = "2025-11-04T13:43:15.431Z" },
    { url = "https://files.pythonhosted.org/packages/87/57/31b4f8e12680b739a91f472b5671294236b82586889ef764b5fbc6669238/pydantic_core-2.41.5-pp310-pypy310_pp73-musllinux_1_1_armv7l.whl", hash = "sha256:c8d8b4eb992936023be7dee581270af5c6e0697a8559895f527f5b7105ecd36a", size = 2329951, upload-time = "2025-11-04T13:43:18.062Z" },
    { url = "https://files.pythonhosted.org/packages/7d/73/3c2c8edef77b8f7310e6fb012dbc4b8551386ed575b9eb6fb2506e28a7eb/pydantic_core-2.41.5-pp310-pypy310_pp73-musllinux_1_1_x86_64.whl", hash = "sha256:242a206cd0318f95cd21bdacff3fcc3aab23e79bba5cac3db5a841c9ef9c6963", size = 2318428, upload-time = "2025-11-04T13:43:20.679Z" },
    { url = "https://files.pythonhosted.org/packages/2f/02/8559b1f26ee0d502c74f9cca5c0d2fd97e967e083e006bbbb4e97f3a043a/pydantic_core-2.41.5-pp310-pypy310_pp73-win_amd64.whl", hash = "sha256:d3a978c4f57a597908b7e697229d996d77a6d3c94901e9edee593adada95ce1a", size = 2147009, upload-time = "2025-11-04T13:43:23.286Z" },
]

[[package]]
name = "python-dateutil"
version = "2.9.0.post0"
source = { registry = "https://pypi.org/simple" }
dependencies = [
    { name = "six" },
]
sdist = { url = "https://files.pythonhosted.org/packages/66/c0/0c8b6ad9f17a802ee498c46e004a0eb49bc148f2fd230864601a86dcf6db/python-dateutil-2.9.0.post0.tar.gz", hash = "sha256:37dd54208da7e1cd875388217d5e00ebd4179249f90fb72437e91a35459a0ad3", size = 342432, upload-time = "2024-03-01T18:36:20.211Z" }
wheels = [
    { url = "https://files.pythonhosted.org/packages/ec/57/56b9bcc3c9c6a792fcbaf139543cee77261f3651ca9da0c93f5c1221264b/python_dateutil-2.9.0.post0-py2.py3-none-any.whl", hash = "sha256:a8b2bc7bffae282281c8140a97d3aa9c14da0b136dfe83f850eea9a5f7470427", size = 229892, upload-time = "2024-03-01T18:36:18.57Z" },
]

[[package]]
name = "pytz"
version = "2025.2"
source = { registry = "https://pypi.org/simple" }
sdist = { url = "https://files.pythonhosted.org/packages/f8/bf/abbd3cdfb8fbc7fb3d4d38d320f2441b1e7cbe29be4f23797b4a2b5d8aac/pytz-2025.2.tar.gz", hash = "sha256:360b9e3dbb49a209c21ad61809c7fb453643e048b38924c765813546746e81c3", size = 320884, upload-time = "2025-03-25T02:25:00.538Z" }
wheels = [
    { url = "https://files.pythonhosted.org/packages/81/c4/34e93fe5f5429d7570ec1fa436f1986fb1f00c3e0f43a589fe2bbcd22c3f/pytz-2025.2-py2.py3-none-any.whl", hash = "sha256:5ddf76296dd8c44c26eb8f4b6f35488f3ccbf6fbbd7adee0b7262d43f0ec2f00", size = 509225, upload-time = "2025-03-25T02:24:58.468Z" },
]

[[package]]
name = "shapely"
version = "2.1.2"
source = { registry = "https://pypi.org/simple" }
dependencies = [
    { name = "numpy" },
]
sdist = { url = "https://files.pythonhosted.org/packages/4d/bc/0989043118a27cccb4e906a46b7565ce36ca7b57f5a18b78f4f1b0f72d9d/shapely-2.1.2.tar.gz", hash = "sha256:2ed4ecb28320a433db18a5bf029986aa8afcfd740745e78847e330d5d94922a9", size = 315489, upload-time = "2025-09-24T13:51:41.432Z" }
wheels = [
    { url = "https://files.pythonhosted.org/packages/05/89/c3548aa9b9812a5d143986764dededfa48d817714e947398bdda87c77a72/shapely-2.1.2-cp310-cp310-macosx_10_9_x86_64.whl", hash = "sha256:7ae48c236c0324b4e139bea88a306a04ca630f49be66741b340729d380d8f52f", size = 1825959, upload-time = "2025-09-24T13:50:00.682Z" },
    { url = "https://files.pythonhosted.org/packages/ce/8a/7ebc947080442edd614ceebe0ce2cdbd00c25e832c240e1d1de61d0e6b38/shapely-2.1.2-cp310-cp310-macosx_11_0_arm64.whl", hash = "sha256:eba6710407f1daa8e7602c347dfc94adc02205ec27ed956346190d66579eb9ea", size = 1629196, upload-time = "2025-09-24T13:50:03.447Z" },
    { url = "https://files.pythonhosted.org/packages/c8/86/c9c27881c20d00fc409e7e059de569d5ed0abfcec9c49548b124ebddea51/shapely-2.1.2-cp310-cp310-manylinux2014_aarch64.manylinux_2_17_aarch64.whl", hash = "sha256:ef4a456cc8b7b3d50ccec29642aa4aeda959e9da2fe9540a92754770d5f0cf1f", size = 2951065, upload-time = "2025-09-24T13:50:05.266Z" },
    { url = "https://files.pythonhosted.org/packages/50/8a/0ab1f7433a2a85d9e9aea5b1fbb333f3b09b309e7817309250b4b7b2cc7a/shapely-2.1.2-cp310-cp310-manylinux2014_x86_64.manylinux_2_17_x86_64.whl", hash = "sha256:e38a190442aacc67ff9f75ce60aec04893041f16f97d242209106d502486a142", size = 3058666, upload-time = "2025-09-24T13:50:06.872Z" },
    { url = "https://files.pythonhosted.org/packages/bb/c6/5a30ffac9c4f3ffd5b7113a7f5299ccec4713acd5ee44039778a7698224e/shapely-2.1.2-cp310-cp310-musllinux_1_2_aarch64.whl", hash = "sha256:40d784101f5d06a1fd30b55fc11ea58a61be23f930d934d86f19a180909908a4", size = 3966905, upload-time = "2025-09-24T13:50:09.417Z" },
    { url = "https://files.pythonhosted.org/packages/9c/72/e92f3035ba43e53959007f928315a68fbcf2eeb4e5ededb6f0dc7ff1ecc3/shapely-2.1.2-cp310-cp310-musllinux_1_2_x86_64.whl", hash = "sha256:f6f6cd5819c50d9bcf921882784586aab34a4bd53e7553e175dece6db513a6f0", size = 4129260, upload-time = "2025-09-24T13:50:11.183Z" },
    { url = "https://files.pythonhosted.org/packages/42/24/605901b73a3d9f65fa958e63c9211f4be23d584da8a1a7487382fac7fdc5/shapely-2.1.2-cp310-cp310-win32.whl", hash = "sha256:fe9627c39c59e553c90f5bc3128252cb85dc3b3be8189710666d2f8bc3a5503e", size = 1544301, upload-time = "2025-09-24T13:50:12.521Z" },
    { url = "https://files.pythonhosted.org/packages/e1/89/6db795b8dd3919851856bd2ddd13ce434a748072f6fdee42ff30cbd3afa3/shapely-2.1.2-cp310-cp310-win_amd64.whl", hash = "sha256:1d0bfb4b8f661b3b4ec3565fa36c340bfb1cda82087199711f86a88647d26b2f", size = 1722074, upload-time = "2025-09-24T13:50:13.909Z" },
]

[[package]]
name = "six"
version = "1.17.0"
source = { registry = "https://pypi.org/simple" }
sdist = { url = "https://files.pythonhosted.org/packages/94/e7/b2c673351809dca68a0e064b6af791aa332cf192da575fd474ed7d6f16a2/six-1.17.0.tar.gz", hash = "sha256:ff70335d468e7eb6ec65b95b99d3a2836546063f63acc5171de367e834932a81", size = 34031, upload-time = "2024-12-04T17:35:28.174Z" }
wheels = [
    { url = "https://files.pythonhosted.org/packages/b7/ce/149a00dd41f10bc29e5921b496af8b574d8413afcd5e30dfa0ed46c2cc5e/six-1.17.0-py2.py3-none-any.whl", hash = "sha256:4721f391ed90541fddacab5acf947aa0d3dc7d27b2e1e8eda2be8970586c3274", size = 11050, upload-time = "2024-12-04T17:35:26.475Z" },
]

[[package]]
name = "termcolor"
version = "3.3.0"
source = { registry = "https://pypi.org/simple" }
sdist = { url = "https://files.pythonhosted.org/packages/46/79/cf31d7a93a8fdc6aa0fbb665be84426a8c5a557d9240b6239e9e11e35fc5/termcolor-3.3.0.tar.gz", hash = "sha256:348871ca648ec6a9a983a13ab626c0acce02f515b9e1983332b17af7979521c5", size = 14434, upload-time = "2025-12-29T12:55:21.882Z" }
wheels = [
    { url = "https://files.pythonhosted.org/packages/33/d1/8bb87d21e9aeb323cc03034f5eaf2c8f69841e40e4853c2627edf8111ed3/termcolor-3.3.0-py3-none-any.whl", hash = "sha256:cf642efadaf0a8ebbbf4bc7a31cec2f9b5f21a9f726f4ccbb08192c9c26f43a5", size = 7734, upload-time = "2025-12-29T12:55:20.718Z" },
]

[[package]]
name = "tomli"
version = "2.4.0"
source = { registry = "https://pypi.org/simple" }
sdist = { url = "https://files.pythonhosted.org/packages/82/30/31573e9457673ab10aa432461bee537ce6cef177667deca369efb79df071/tomli-2.4.0.tar.gz", hash = "sha256:aa89c3f6c277dd275d8e243ad24f3b5e701491a860d5121f2cdd399fbb31fc9c", size = 17477, upload-time = "2026-01-11T11:22:38.165Z" }
wheels = [
    { url = "https://files.pythonhosted.org/packages/23/d1/136eb2cb77520a31e1f64cbae9d33ec6df0d78bdf4160398e86eec8a8754/tomli-2.4.0-py3-none-any.whl", hash = "sha256:1f776e7d669ebceb01dee46484485f43a4048746235e683bcdffacdf1fb4785a", size = 14477, upload-time = "2026-01-11T11:22:37.446Z" },
]

[[package]]
name = "typeguard"
version = "4.4.4"
source = { registry = "https://pypi.org/simple" }
dependencies = [
    { name = "typing-extensions" },
]
sdist = { url = "https://files.pythonhosted.org/packages/c7/68/71c1a15b5f65f40e91b65da23b8224dad41349894535a97f63a52e462196/typeguard-4.4.4.tar.gz", hash = "sha256:3a7fd2dffb705d4d0efaed4306a704c89b9dee850b688f060a8b1615a79e5f74", size = 75203, upload-time = "2025-06-18T09:56:07.624Z" }
wheels = [
    { url = "https://files.pythonhosted.org/packages/1b/a9/e3aee762739c1d7528da1c3e06d518503f8b6c439c35549b53735ba52ead/typeguard-4.4.4-py3-none-any.whl", hash = "sha256:b5f562281b6bfa1f5492470464730ef001646128b180769880468bd84b68b09e", size = 34874, upload-time = "2025-06-18T09:56:05.999Z" },
]

[[package]]
name = "typing-extensions"
version = "4.15.0"
source = { registry = "https://pypi.org/simple" }
sdist = { url = "https://files.pythonhosted.org/packages/72/94/1a15dd82efb362ac84269196e94cf00f187f7ed21c242792a923cdb1c61f/typing_extensions-4.15.0.tar.gz", hash = "sha256:0cea48d173cc12fa28ecabc3b837ea3cf6f38c6d1136f85cbaaf598984861466", size = 109391, upload-time = "2025-08-25T13:49:26.313Z" }
wheels = [
    { url = "https://files.pythonhosted.org/packages/18/67/36e9267722cc04a6b9f15c7f3441c2363321a3ea07da7ae0c0707beb2a9c/typing_extensions-4.15.0-py3-none-any.whl", hash = "sha256:f0fa19c6845758ab08074a0cfa8b7aecb71c999ca73d62883bc25cc018c4e548", size = 44614, upload-time = "2025-08-25T13:49:24.86Z" },
]

[[package]]
name = "typing-inspection"
version = "0.4.2"
source = { registry = "https://pypi.org/simple" }
dependencies = [
    { name = "typing-extensions" },
]
sdist = { url = "https://files.pythonhosted.org/packages/55/e3/70399cb7dd41c10ac53367ae42139cf4b1ca5f36bb3dc6c9d33acdb43655/typing_inspection-0.4.2.tar.gz", hash = "sha256:ba561c48a67c5958007083d386c3295464928b01faa735ab8547c5692e87f464", size = 75949, upload-time = "2025-10-01T02:14:41.687Z" }
wheels = [
    { url = "https://files.pythonhosted.org/packages/dc/9b/47798a6c91d8bdb567fe2698fe81e0c6b7cb7ef4d13da4114b41d239f65d/typing_inspection-0.4.2-py3-none-any.whl", hash = "sha256:4ed1cacbdc298c220f1bd249ed5287caa16f34d44ef4e9c3d0cbad5b521545e7", size = 14611, upload-time = "2025-10-01T02:14:40.154Z" },
]

[[package]]
name = "tzdata"
version = "2025.3"
source = { registry = "https://pypi.org/simple" }
sdist = { url = "https://files.pythonhosted.org/packages/5e/a7/c202b344c5ca7daf398f3b8a477eeb205cf3b6f32e7ec3a6bac0629ca975/tzdata-2025.3.tar.gz", hash = "sha256:de39c2ca5dc7b0344f2eba86f49d614019d29f060fc4ebc8a417896a620b56a7", size = 196772, upload-time = "2025-12-13T17:45:35.667Z" }
wheels = [
    { url = "https://files.pythonhosted.org/packages/c7/b0/003792df09decd6849a5e39c28b513c06e84436a54440380862b5aeff25d/tzdata-2025.3-py2.py3-none-any.whl", hash = "sha256:06a47e5700f3081aab02b2e513160914ff0694bce9947d6b76ebd6bf57cfc5d1", size = 348521, upload-time = "2025-12-13T17:45:33.889Z" },
]
